
Microsoft Visual Studio Solution File, Format Version 12.00
# Visual Studio Version 17
VisualStudioVersion = 17.13.35818.85 d17.13
MinimumVisualStudioVersion = 10.0.40219.1
Project("{FAE04EC0-301F-11D3-BF4B-00C04F79EFBC}") = "API", "API.csproj", "{A93C3C33-23B6-4993-8A2F-BC896828BFDF}"
EndProject
Global
	GlobalSection(SolutionConfigurationPlatforms) = preSolution
		Debug|Any CPU = Debug|Any CPU
		Release|Any CPU = Release|Any CPU
	EndGlobalSection
	GlobalSection(ProjectConfigurationPlatforms) = postSolution
		{A93C3C33-23B6-4993-8A2F-BC896828BFDF}.Debug|Any CPU.ActiveCfg = Debug|Any CPU
		{A93C3C33-23B6-4993-8A2F-BC896828BFDF}.Debug|Any CPU.Build.0 = Debug|Any CPU
		{A93C3C33-23B6-4993-8A2F-BC896828BFDF}.Release|Any CPU.ActiveCfg = Release|Any CPU
		{A93C3C33-23B6-4993-8A2F-BC896828BFDF}.Release|Any CPU.Build.0 = Release|Any CPU
	EndGlobalSection
	GlobalSection(SolutionProperties) = preSolution
		HideSolutionNode = FALSE
	EndGlobalSection
	GlobalSection(ExtensibilityGlobals) = postSolution
		SolutionGuid = {FC5B66A1-0256-42F4-BB56-B43CB7DFB1B4}
	EndGlobalSection
EndGlobal
