
Microsoft Visual Studio Solution File, Format Version 12.00
# Visual Studio Version 17
VisualStudioVersion = 17.14.36109.1
MinimumVisualStudioVersion = 10.0.40219.1
Project("{FAE04EC0-301F-11D3-BF4B-00C04F79EFBC}") = "API", "API.csproj", "{170C76C8-A5C5-422B-A6EB-3B123DB1FC86}"
EndProject
Project("{FAE04EC0-301F-11D3-BF4B-00C04F79EFBC}") = "Infraestrutura", "..\Infraestrutura\Infraestrutura.csproj", "{8B2E0E13-9285-4092-AC26-746CF3DA4B61}"
EndProject
Project("{FAE04EC0-301F-11D3-BF4B-00C04F79EFBC}") = "Aplicacao", "..\Aplicacao\Aplicacao.csproj", "{C81A9C3A-2C07-495A-BC13-1C500037D5A7}"
EndProject
Project("{FAE04EC0-301F-11D3-BF4B-00C04F79EFBC}") = "Dominio", "..\Dominio\Dominio.csproj", "{7184CE64-5B4B-4688-ADB2-64660E1DF2FB}"
EndProject
Global
	GlobalSection(SolutionConfigurationPlatforms) = preSolution
		Debug|Any CPU = Debug|Any CPU
		Release|Any CPU = Release|Any CPU
	EndGlobalSection
	GlobalSection(ProjectConfigurationPlatforms) = postSolution
		{170C76C8-A5C5-422B-A6EB-3B123DB1FC86}.Debug|Any CPU.ActiveCfg = Debug|Any CPU
		{170C76C8-A5C5-422B-A6EB-3B123DB1FC86}.Debug|Any CPU.Build.0 = Debug|Any CPU
		{170C76C8-A5C5-422B-A6EB-3B123DB1FC86}.Release|Any CPU.ActiveCfg = Release|Any CPU
		{170C76C8-A5C5-422B-A6EB-3B123DB1FC86}.Release|Any CPU.Build.0 = Release|Any CPU
		{8B2E0E13-9285-4092-AC26-746CF3DA4B61}.Debug|Any CPU.ActiveCfg = Debug|Any CPU
		{8B2E0E13-9285-4092-AC26-746CF3DA4B61}.Debug|Any CPU.Build.0 = Debug|Any CPU
		{8B2E0E13-9285-4092-AC26-746CF3DA4B61}.Release|Any CPU.ActiveCfg = Release|Any CPU
		{8B2E0E13-9285-4092-AC26-746CF3DA4B61}.Release|Any CPU.Build.0 = Release|Any CPU
		{C81A9C3A-2C07-495A-BC13-1C500037D5A7}.Debug|Any CPU.ActiveCfg = Debug|Any CPU
		{C81A9C3A-2C07-495A-BC13-1C500037D5A7}.Debug|Any CPU.Build.0 = Debug|Any CPU
		{C81A9C3A-2C07-495A-BC13-1C500037D5A7}.Release|Any CPU.ActiveCfg = Release|Any CPU
		{C81A9C3A-2C07-495A-BC13-1C500037D5A7}.Release|Any CPU.Build.0 = Release|Any CPU
		{7184CE64-5B4B-4688-ADB2-64660E1DF2FB}.Debug|Any CPU.ActiveCfg = Debug|Any CPU
		{7184CE64-5B4B-4688-ADB2-64660E1DF2FB}.Debug|Any CPU.Build.0 = Debug|Any CPU
		{7184CE64-5B4B-4688-ADB2-64660E1DF2FB}.Release|Any CPU.ActiveCfg = Release|Any CPU
		{7184CE64-5B4B-4688-ADB2-64660E1DF2FB}.Release|Any CPU.Build.0 = Release|Any CPU
	EndGlobalSection
	GlobalSection(SolutionProperties) = preSolution
		HideSolutionNode = FALSE
	EndGlobalSection
	GlobalSection(ExtensibilityGlobals) = postSolution
		SolutionGuid = {E52B9F79-8034-4F6A-8FA5-6FE159BB4C34}
	EndGlobalSection
EndGlobal
